
Microsoft Visual Studio Solution File, Format Version 12.00
# Visual Studio Version 17
VisualStudioVersion = 17.0.31612.314
MinimumVisualStudioVersion = 10.0.40219.1
Project("{9A19103F-16F7-4668-BE54-9A1E7A4F7556}") = "EE.API", "EE.API\EE.API.csproj", "{60641778-84B4-46E6-A474-39D85CBB5C86}"
EndProject
Project("{9A19103F-16F7-4668-BE54-9A1E7A4F7556}") = "EE.BL", "EE.BL\EE.BL.csproj", "{2F6EC6B1-CCA5-4877-9488-6ACF50E9E225}"
EndProject
Project("{9A19103F-16F7-4668-BE54-9A1E7A4F7556}") = "EE.DAL", "EE.DAL\EE.DAL.csproj", "{1C38F375-1045-4E83-A056-5254CBC22315}"
EndProject
Project("{2150E333-8FDC-42A3-9474-1A3956D46DE8}") = "Local", "Local", "{2191682C-121C-41EB-A738-0818B02DB595}"
EndProject
Project("{9A19103F-16F7-4668-BE54-9A1E7A4F7556}") = "ImageGenerationLocal", "ImageGenerationLocal\ImageGenerationLocal.csproj", "{5ED29D40-170F-449E-A749-8078AC3840B2}"
EndProject
Project("{9A19103F-16F7-4668-BE54-9A1E7A4F7556}") = "ImageGenerationFinal", "ImageGenerationFinal\ImageGenerationFinal.csproj", "{74C28BF6-F43D-4472-B346-DFEF2C19F888}"
EndProject
Project("{9A19103F-16F7-4668-BE54-9A1E7A4F7556}") = "WeightingTest", "WeightingTest\WeightingTest.csproj", "{BD164B1C-48CC-4553-9E08-D73769128A8B}"
EndProject
Project("{9A19103F-16F7-4668-BE54-9A1E7A4F7556}") = "ImageGenerationLocalStandalone", "ImageGenerationLocalStandalone\ImageGenerationLocalStandalone.csproj", "{4421B655-5771-4B10-BD96-DB58A99FAB7E}"
EndProject
Project("{9A19103F-16F7-4668-BE54-9A1E7A4F7556}") = "ImageGenerationForIpfs", "ImageGenerationForIpfs\ImageGenerationForIpfs.csproj", "{D2D34416-F2B3-41DA-BE12-FD680F8162D7}"
EndProject
Project("{9A19103F-16F7-4668-BE54-9A1E7A4F7556}") = "ImageGenerationWithWeighting", "ImageGenerationWithWeighting\ImageGenerationWithWeighting.csproj", "{9A97CE29-F52D-4A9E-8E40-170AF3293324}"
EndProject
Project("{9A19103F-16F7-4668-BE54-9A1E7A4F7556}") = "TempMetaGeneration", "TempMetaGeneration\TempMetaGeneration.csproj", "{D3562E80-8939-4C27-BC18-4F472C2B9AF9}"
EndProject
Project("{FAE04EC0-301F-11D3-BF4B-00C04F79EFBC}") = "ImageGenerationFINALV2", "ImageGenerationFINALV2\ImageGenerationFINALV2.csproj", "{89365946-B6AD-48BD-95E4-1313E49B065B}"
EndProject
Project("{FAE04EC0-301F-11D3-BF4B-00C04F79EFBC}") = "Rarityreader", "Rarityreader\Rarityreader.csproj", "{EFE41DCF-0DE2-485B-8A05-1083006CDEEF}"
EndProject
Global
	GlobalSection(SolutionConfigurationPlatforms) = preSolution
		Debug|Any CPU = Debug|Any CPU
		Release|Any CPU = Release|Any CPU
	EndGlobalSection
	GlobalSection(ProjectConfigurationPlatforms) = postSolution
		{60641778-84B4-46E6-A474-39D85CBB5C86}.Debug|Any CPU.ActiveCfg = Debug|Any CPU
		{60641778-84B4-46E6-A474-39D85CBB5C86}.Debug|Any CPU.Build.0 = Debug|Any CPU
		{60641778-84B4-46E6-A474-39D85CBB5C86}.Release|Any CPU.ActiveCfg = Release|Any CPU
		{60641778-84B4-46E6-A474-39D85CBB5C86}.Release|Any CPU.Build.0 = Release|Any CPU
		{2F6EC6B1-CCA5-4877-9488-6ACF50E9E225}.Debug|Any CPU.ActiveCfg = Debug|Any CPU
		{2F6EC6B1-CCA5-4877-9488-6ACF50E9E225}.Debug|Any CPU.Build.0 = Debug|Any CPU
		{2F6EC6B1-CCA5-4877-9488-6ACF50E9E225}.Release|Any CPU.ActiveCfg = Release|Any CPU
		{2F6EC6B1-CCA5-4877-9488-6ACF50E9E225}.Release|Any CPU.Build.0 = Release|Any CPU
		{1C38F375-1045-4E83-A056-5254CBC22315}.Debug|Any CPU.ActiveCfg = Debug|Any CPU
		{1C38F375-1045-4E83-A056-5254CBC22315}.Debug|Any CPU.Build.0 = Debug|Any CPU
		{1C38F375-1045-4E83-A056-5254CBC22315}.Release|Any CPU.ActiveCfg = Release|Any CPU
		{1C38F375-1045-4E83-A056-5254CBC22315}.Release|Any CPU.Build.0 = Release|Any CPU
		{5ED29D40-170F-449E-A749-8078AC3840B2}.Debug|Any CPU.ActiveCfg = Debug|Any CPU
		{5ED29D40-170F-449E-A749-8078AC3840B2}.Debug|Any CPU.Build.0 = Debug|Any CPU
		{5ED29D40-170F-449E-A749-8078AC3840B2}.Release|Any CPU.ActiveCfg = Release|Any CPU
		{5ED29D40-170F-449E-A749-8078AC3840B2}.Release|Any CPU.Build.0 = Release|Any CPU
		{74C28BF6-F43D-4472-B346-DFEF2C19F888}.Debug|Any CPU.ActiveCfg = Debug|Any CPU
		{74C28BF6-F43D-4472-B346-DFEF2C19F888}.Debug|Any CPU.Build.0 = Debug|Any CPU
		{74C28BF6-F43D-4472-B346-DFEF2C19F888}.Release|Any CPU.ActiveCfg = Release|Any CPU
		{74C28BF6-F43D-4472-B346-DFEF2C19F888}.Release|Any CPU.Build.0 = Release|Any CPU
		{BD164B1C-48CC-4553-9E08-D73769128A8B}.Debug|Any CPU.ActiveCfg = Debug|Any CPU
		{BD164B1C-48CC-4553-9E08-D73769128A8B}.Debug|Any CPU.Build.0 = Debug|Any CPU
		{BD164B1C-48CC-4553-9E08-D73769128A8B}.Release|Any CPU.ActiveCfg = Release|Any CPU
		{BD164B1C-48CC-4553-9E08-D73769128A8B}.Release|Any CPU.Build.0 = Release|Any CPU
		{4421B655-5771-4B10-BD96-DB58A99FAB7E}.Debug|Any CPU.ActiveCfg = Debug|Any CPU
		{4421B655-5771-4B10-BD96-DB58A99FAB7E}.Debug|Any CPU.Build.0 = Debug|Any CPU
		{4421B655-5771-4B10-BD96-DB58A99FAB7E}.Release|Any CPU.ActiveCfg = Release|Any CPU
		{4421B655-5771-4B10-BD96-DB58A99FAB7E}.Release|Any CPU.Build.0 = Release|Any CPU
		{D2D34416-F2B3-41DA-BE12-FD680F8162D7}.Debug|Any CPU.ActiveCfg = Debug|Any CPU
		{D2D34416-F2B3-41DA-BE12-FD680F8162D7}.Debug|Any CPU.Build.0 = Debug|Any CPU
		{D2D34416-F2B3-41DA-BE12-FD680F8162D7}.Release|Any CPU.ActiveCfg = Release|Any CPU
		{D2D34416-F2B3-41DA-BE12-FD680F8162D7}.Release|Any CPU.Build.0 = Release|Any CPU
		{9A97CE29-F52D-4A9E-8E40-170AF3293324}.Debug|Any CPU.ActiveCfg = Debug|Any CPU
		{9A97CE29-F52D-4A9E-8E40-170AF3293324}.Debug|Any CPU.Build.0 = Debug|Any CPU
		{9A97CE29-F52D-4A9E-8E40-170AF3293324}.Release|Any CPU.ActiveCfg = Release|Any CPU
		{9A97CE29-F52D-4A9E-8E40-170AF3293324}.Release|Any CPU.Build.0 = Release|Any CPU
		{D3562E80-8939-4C27-BC18-4F472C2B9AF9}.Debug|Any CPU.ActiveCfg = Debug|Any CPU
		{D3562E80-8939-4C27-BC18-4F472C2B9AF9}.Debug|Any CPU.Build.0 = Debug|Any CPU
		{D3562E80-8939-4C27-BC18-4F472C2B9AF9}.Release|Any CPU.ActiveCfg = Release|Any CPU
		{D3562E80-8939-4C27-BC18-4F472C2B9AF9}.Release|Any CPU.Build.0 = Release|Any CPU
		{89365946-B6AD-48BD-95E4-1313E49B065B}.Debug|Any CPU.ActiveCfg = Debug|Any CPU
		{89365946-B6AD-48BD-95E4-1313E49B065B}.Debug|Any CPU.Build.0 = Debug|Any CPU
		{89365946-B6AD-48BD-95E4-1313E49B065B}.Release|Any CPU.ActiveCfg = Release|Any CPU
		{89365946-B6AD-48BD-95E4-1313E49B065B}.Release|Any CPU.Build.0 = Release|Any CPU
		{EFE41DCF-0DE2-485B-8A05-1083006CDEEF}.Debug|Any CPU.ActiveCfg = Debug|Any CPU
		{EFE41DCF-0DE2-485B-8A05-1083006CDEEF}.Debug|Any CPU.Build.0 = Debug|Any CPU
		{EFE41DCF-0DE2-485B-8A05-1083006CDEEF}.Release|Any CPU.ActiveCfg = Release|Any CPU
		{EFE41DCF-0DE2-485B-8A05-1083006CDEEF}.Release|Any CPU.Build.0 = Release|Any CPU
	EndGlobalSection
	GlobalSection(SolutionProperties) = preSolution
		HideSolutionNode = FALSE
	EndGlobalSection
	GlobalSection(NestedProjects) = preSolution
		{5ED29D40-170F-449E-A749-8078AC3840B2} = {2191682C-121C-41EB-A738-0818B02DB595}
		{74C28BF6-F43D-4472-B346-DFEF2C19F888} = {2191682C-121C-41EB-A738-0818B02DB595}
		{BD164B1C-48CC-4553-9E08-D73769128A8B} = {2191682C-121C-41EB-A738-0818B02DB595}
		{4421B655-5771-4B10-BD96-DB58A99FAB7E} = {2191682C-121C-41EB-A738-0818B02DB595}
		{D2D34416-F2B3-41DA-BE12-FD680F8162D7} = {2191682C-121C-41EB-A738-0818B02DB595}
		{9A97CE29-F52D-4A9E-8E40-170AF3293324} = {2191682C-121C-41EB-A738-0818B02DB595}
		{D3562E80-8939-4C27-BC18-4F472C2B9AF9} = {2191682C-121C-41EB-A738-0818B02DB595}
		{89365946-B6AD-48BD-95E4-1313E49B065B} = {2191682C-121C-41EB-A738-0818B02DB595}
		{EFE41DCF-0DE2-485B-8A05-1083006CDEEF} = {2191682C-121C-41EB-A738-0818B02DB595}
	EndGlobalSection
	GlobalSection(ExtensibilityGlobals) = postSolution
		SolutionGuid = {95172E5C-A768-4C43-8EBF-23B777ADA994}
	EndGlobalSection
EndGlobal
